lockVersion: 2.0.0
id: f5afb823-74ff-4c51-ac47-be3eacf33bec
management:
  docChecksum: eadeb612f11fd940e08d62041e8104a8
  docVersion: 0.0.1
  speakeasyVersion: 1.207.1
  generationVersion: 2.280.6
  releaseVersion: 0.5.1
  configChecksum: 9277b7a29e9bd1ce3f85fa6be4177b61
  repoURL: https://github.com/JR-1991/python-easyreview.git
  repoSubDirectory: .
  installationURL: https://github.com/JR-1991/python-easyreview.git
  published: true
features:
  python:
    core: 4.5.1
    flattening: 2.81.1
    globalSecurity: 2.83.4
    globalServerURLs: 2.82.2
    inputOutputModels: 2.83.1
    responseFormat: 0.1.0
generatedFiles:
  - src/easyreview/sdkconfiguration.py
  - src/easyreview/fields.py
  - src/easyreview/files.py
  - src/easyreview/reviewers.py
  - src/easyreview/reviews.py
  - src/easyreview/sdk.py
  - py.typed
  - pylintrc
  - setup.py
  - src/easyreview/__init__.py
  - src/easyreview/utils/__init__.py
  - src/easyreview/utils/retries.py
  - src/easyreview/utils/utils.py
  - src/easyreview/models/errors/sdkerror.py
  - tests/helpers.py
  - src/easyreview/models/operations/getfieldbyid.py
  - src/easyreview/models/operations/updatefield.py
  - src/easyreview/models/operations/partialupdatefield.py
  - src/easyreview/models/operations/getfilebyid.py
  - src/easyreview/models/operations/updatefile.py
  - src/easyreview/models/operations/partialupdatefile.py
  - src/easyreview/models/operations/getreviewers.py
  - src/easyreview/models/operations/addreviewer.py
  - src/easyreview/models/operations/getreviewerbyid.py
  - src/easyreview/models/operations/updatereviewer.py
  - src/easyreview/models/operations/partialupdatereviewer.py
  - src/easyreview/models/operations/deletereviewer.py
  - src/easyreview/models/operations/getreviews.py
  - src/easyreview/models/operations/getfilesbyreviewid.py
  - src/easyreview/models/operations/getfieldcount.py
  - src/easyreview/models/operations/getreviewbyid.py
  - src/easyreview/models/operations/updatereview.py
  - src/easyreview/models/operations/partialupdatereview.py
  - src/easyreview/models/operations/deletereview.py
  - src/easyreview/models/operations/getreviewsbydatasetdoi.py
  - src/easyreview/models/operations/fetchdatasetfromdoi.py
  - src/easyreview/models/operations/getreviewsbyreviewer.py
  - src/easyreview/models/components/field.py
  - src/easyreview/models/components/field_input.py
  - src/easyreview/models/components/patchedfield.py
  - src/easyreview/models/components/file.py
  - src/easyreview/models/components/file_input.py
  - src/easyreview/models/components/patchedfile.py
  - src/easyreview/models/components/reviewer.py
  - src/easyreview/models/components/reviewer_input.py
  - src/easyreview/models/components/patchedreviewer.py
  - src/easyreview/models/components/review.py
  - src/easyreview/models/components/metadatablock.py
  - src/easyreview/models/components/compound.py
  - src/easyreview/models/components/review_input.py
  - src/easyreview/models/components/patchedreview.py
  - src/easyreview/models/components/security.py
  - src/easyreview/models/__init__.py
  - src/easyreview/models/errors/__init__.py
  - src/easyreview/models/operations/__init__.py
  - src/easyreview/models/components/__init__.py
  - docs/models/operations/getfieldbyidrequest.md
  - docs/models/operations/getfieldbyidresponse.md
  - docs/models/operations/updatefieldrequest.md
  - docs/models/operations/updatefieldresponse.md
  - docs/models/operations/partialupdatefieldrequest.md
  - docs/models/operations/partialupdatefieldresponse.md
  - docs/models/operations/getfilebyidrequest.md
  - docs/models/operations/getfilebyidresponse.md
  - docs/models/operations/updatefilerequest.md
  - docs/models/operations/updatefileresponse.md
  - docs/models/operations/partialupdatefilerequest.md
  - docs/models/operations/partialupdatefileresponse.md
  - docs/models/operations/getreviewersresponse.md
  - docs/models/operations/addreviewerresponse.md
  - docs/models/operations/getreviewerbyidrequest.md
  - docs/models/operations/getreviewerbyidresponse.md
  - docs/models/operations/updatereviewerrequest.md
  - docs/models/operations/updatereviewerresponse.md
  - docs/models/operations/partialupdatereviewerrequest.md
  - docs/models/operations/partialupdatereviewerresponse.md
  - docs/models/operations/deletereviewerrequest.md
  - docs/models/operations/deletereviewerresponse.md
  - docs/models/operations/getreviewsresponse.md
  - docs/models/operations/getfilesbyreviewidrequest.md
  - docs/models/operations/getfilesbyreviewidresponse.md
  - docs/models/operations/getfieldcountrequest.md
  - docs/models/operations/getfieldcountresponse.md
  - docs/models/operations/getreviewbyidrequest.md
  - docs/models/operations/getreviewbyidresponse.md
  - docs/models/operations/updatereviewrequest.md
  - docs/models/operations/updatereviewresponse.md
  - docs/models/operations/partialupdatereviewrequest.md
  - docs/models/operations/partialupdatereviewresponse.md
  - docs/models/operations/deletereviewrequest.md
  - docs/models/operations/deletereviewresponse.md
  - docs/models/operations/getreviewsbydatasetdoirequest.md
  - docs/models/operations/getreviewsbydatasetdoiresponse.md
  - docs/models/operations/fetchdatasetfromdoirequest.md
  - docs/models/operations/fetchdatasetfromdoiresponse.md
  - docs/models/operations/getreviewsbyreviewerrequest.md
  - docs/models/operations/getreviewsbyreviewerresponse.md
  - docs/models/components/field.md
  - docs/models/components/fieldinput.md
  - docs/models/components/patchedfield.md
  - docs/models/components/file.md
  - docs/models/components/fileinput.md
  - docs/models/components/patchedfile.md
  - docs/models/components/reviewer.md
  - docs/models/components/reviewerinput.md
  - docs/models/components/patchedreviewer.md
  - docs/models/components/review.md
  - docs/models/components/metadatablock.md
  - docs/models/components/compound.md
  - docs/models/components/reviewinput.md
  - docs/models/components/patchedreview.md
  - docs/models/components/security.md
  - docs/sdks/easyreview/README.md
  - docs/sdks/fields/README.md
  - docs/sdks/files/README.md
  - docs/sdks/reviewers/README.md
  - docs/sdks/reviews/README.md
  - USAGE.md
  - .gitattributes
  - src/easyreview/_hooks/sdkhooks.py
  - src/easyreview/_hooks/types.py
  - src/easyreview/_hooks/__init__.py
